{
  "projects": [
    {
      "projectId": "czrpvLfdRGgF3py81DP1YF",
      "version": "latest",
      "dependencies": {},
      "lang": "ts",
      "fileLocks": [
        {
          "assetId": "czrpvLfdRGgF3py81DP1YF",
          "checksum": "8e0ca782907c3922a692ac3e382ec528",
          "type": "projectModule"
        },
        {
          "assetId": "czrpvLfdRGgF3py81DP1YF",
          "checksum": "462c27e066ebbf8406d551fb8baeb64d",
          "type": "styleTokensProvider"
        },
        {
          "type": "renderModule",
          "assetId": "6bRtcsKDFjsm",
          "checksum": "c74436eae28a438d6254fde0fe424d81"
        },
        {
          "type": "cssRules",
          "assetId": "6bRtcsKDFjsm",
          "checksum": "c74436eae28a438d6254fde0fe424d81"
        },
        {
          "assetId": "czrpvLfdRGgF3py81DP1YF",
          "type": "projectCss",
          "checksum": "d5f512db81415728565924d3fd83dec0"
        }
      ],
      "codegenVersion": "0.0.2"
    }
  ],
  "cliVersion": "0.1.345"
}
